// !$*UTF8*$!
{
	archiveVersion = 1;
	classes = {
	};
	objectVersion = 50;
	objects = {

/* Begin PBXBuildFile section */
		0BAE6E6525F6E8B6009412EA /* AppDelegate.swift in Sources */ = {isa = PBXBuildFile; fileRef = 0BAE6E6425F6E8B6009412EA /* AppDelegate.swift */; };
		0BAE6E6725F6E8B6009412EA /* SceneDelegate.swift in Sources */ = {isa = PBXBuildFile; fileRef = 0BAE6E6625F6E8B6009412EA /* SceneDelegate.swift */; };
		0BAE6E6C25F6E8B6009412EA /* Main.storyboard in Resources */ = {isa = PBXBuildFile; fileRef = 0BAE6E6A25F6E8B6009412EA /* Main.storyboard */; };
		0BAE6E6E25F6E8B7009412EA /* Assets.xcassets in Resources */ = {isa = PBXBuildFile; fileRef = 0BAE6E6D25F6E8B7009412EA /* Assets.xcassets */; };
		0BAE6E7125F6E8B7009412EA /* LaunchScreen.storyboard in Resources */ = {isa = PBXBuildFile; fileRef = 0BAE6E6F25F6E8B7009412EA /* LaunchScreen.storyboard */; };
		0BAE6E7C25F6E8B7009412EA /* Coffee_orderingTests.swift in Sources */ = {isa = PBXBuildFile; fileRef = 0BAE6E7B25F6E8B7009412EA /* Coffee_orderingTests.swift */; };
		0BAE6E8725F6E8B7009412EA /* Coffee_orderingUITests.swift in Sources */ = {isa = PBXBuildFile; fileRef = 0BAE6E8625F6E8B7009412EA /* Coffee_orderingUITests.swift */; };
		0BAE6E9F25F6EAA4009412EA /* OrdersTableViewController.swift in Sources */ = {isa = PBXBuildFile; fileRef = 0BAE6E9E25F6EAA4009412EA /* OrdersTableViewController.swift */; };
		0BAE6EA425F6EB0D009412EA /* AddOrderViewController.swift in Sources */ = {isa = PBXBuildFile; fileRef = 0BAE6EA325F6EB0D009412EA /* AddOrderViewController.swift */; };
/* End PBXBuildFile section */

/* Begin PBXContainerItemProxy section */
		0BAE6E7825F6E8B7009412EA /* PBXContainerItemProxy */ = {
			isa = PBXContainerItemProxy;
			containerPortal = 0BAE6E5925F6E8B6009412EA /* Project object */;
			proxyType = 1;
			remoteGlobalIDString = 0BAE6E6025F6E8B6009412EA;
			remoteInfo = "Coffee ordering";
		};
		0BAE6E8325F6E8B7009412EA /* PBXContainerItemProxy */ = {
			isa = PBXContainerItemProxy;
			containerPortal = 0BAE6E5925F6E8B6009412EA /* Project object */;
			proxyType = 1;
			remoteGlobalIDString = 0BAE6E6025F6E8B6009412EA;
			remoteInfo = "Coffee ordering";
		};
/* End PBXContainerItemProxy section */

/* Begin PBXFileReference section */
		0BAE6E6125F6E8B6009412EA /* Coffee ordering.app */ = {isa = PBXFileReference; explicitFileType = wrapper.application; includeInIndex = 0; path = "Coffee ordering.app"; sourceTree = BUILT_PRODUCTS_DIR; };
		0BAE6E6425F6E8B6009412EA /* AppDelegate.swift */ = {isa = PBXFileReference; lastKnownFileType = sourcecode.swift; path = AppDelegate.swift; sourceTree = "<group>"; };
		0BAE6E6625F6E8B6009412EA /* SceneDelegate.swift */ = {isa = PBXFileReference; lastKnownFileType = sourcecode.swift; path = SceneDelegate.swift; sourceTree = "<group>"; };
		0BAE6E6B25F6E8B6009412EA /* Base */ = {isa = PBXFileReference; lastKnownFileType = file.storyboard; name = Base; path = Base.lproj/Main.storyboard; sourceTree = "<group>"; };
		0BAE6E6D25F6E8B7009412EA /* Assets.xcassets */ = {isa = PBXFileReference; lastKnownFileType = folder.assetcatalog; path = Assets.xcassets; sourceTree = "<group>"; };
		0BAE6E7025F6E8B7009412EA /* Base */ = {isa = PBXFileReference; lastKnownFileType = file.storyboard; name = Base; path = Base.lproj/LaunchScreen.storyboard; sourceTree = "<group>"; };
		0BAE6E7225F6E8B7009412EA /* Info.plist */ = {isa = PBXFileReference; lastKnownFileType = text.plist.xml; path = Info.plist; sourceTree = "<group>"; };
		0BAE6E7725F6E8B7009412EA /* Coffee orderingTests.xctest */ = {isa = PBXFileReference; explicitFileType = wrapper.cfbundle; includeInIndex = 0; path = "Coffee orderingTests.xctest"; sourceTree = BUILT_PRODUCTS_DIR; };
		0BAE6E7B25F6E8B7009412EA /* Coffee_orderingTests.swift */ = {isa = PBXFileReference; lastKnownFileType = sourcecode.swift; path = Coffee_orderingTests.swift; sourceTree = "<group>"; };
		0BAE6E7D25F6E8B7009412EA /* Info.plist */ = {isa = PBXFileReference; lastKnownFileType = text.plist.xml; path = Info.plist; sourceTree = "<group>"; };
		0BAE6E8225F6E8B7009412EA /* Coffee orderingUITests.xctest */ = {isa = PBXFileReference; explicitFileType = wrapper.cfbundle; includeInIndex = 0; path = "Coffee orderingUITests.xctest"; sourceTree = BUILT_PRODUCTS_DIR; };
		0BAE6E8625F6E8B7009412EA /* Coffee_orderingUITests.swift */ = {isa = PBXFileReference; lastKnownFileType = sourcecode.swift; path = Coffee_orderingUITests.swift; sourceTree = "<group>"; };
		0BAE6E8825F6E8B7009412EA /* Info.plist */ = {isa = PBXFileReference; lastKnownFileType = text.plist.xml; path = Info.plist; sourceTree = "<group>"; };
		0BAE6E9E25F6EAA4009412EA /* OrdersTableViewController.swift */ = {isa = PBXFileReference; lastKnownFileType = sourcecode.swift; path = OrdersTableViewController.swift; sourceTree = "<group>"; };
		0BAE6EA325F6EB0D009412EA /* AddOrderViewController.swift */ = {isa = PBXFileReference; lastKnownFileType = sourcecode.swift; path = AddOrderViewController.swift; sourceTree = "<group>"; };
/* End PBXFileReference section */

/* Begin PBXFrameworksBuildPhase section */
		0BAE6E5E25F6E8B6009412EA /* Frameworks */ = {
			isa = PBXFrameworksBuildPhase;
			buildActionMask = 2147483647;
			files = (
			);
			runOnlyForDeploymentPostprocessing = 0;
		};
		0BAE6E7425F6E8B7009412EA /* Frameworks */ = {
			isa = PBXFrameworksBuildPhase;
			buildActionMask = 2147483647;
			files = (
			);
			runOnlyForDeploymentPostprocessing = 0;
		};
		0BAE6E7F25F6E8B7009412EA /* Frameworks */ = {
			isa = PBXFrameworksBuildPhase;
			buildActionMask = 2147483647;
			files = (
			);
			runOnlyForDeploymentPostprocessing = 0;
		};
/* End PBXFrameworksBuildPhase section */

/* Begin PBXGroup section */
		0BAE6E5825F6E8B6009412EA = {
			isa = PBXGroup;
			children = (
				0BAE6E6325F6E8B6009412EA /* Coffee ordering */,
				0BAE6E7A25F6E8B7009412EA /* Coffee orderingTests */,
				0BAE6E8525F6E8B7009412EA /* Coffee orderingUITests */,
				0BAE6E6225F6E8B6009412EA /* Products */,
			);
			sourceTree = "<group>";
		};
		0BAE6E6225F6E8B6009412EA /* Products */ = {
			isa = PBXGroup;
			children = (
				0BAE6E6125F6E8B6009412EA /* Coffee ordering.app */,
				0BAE6E7725F6E8B7009412EA /* Coffee orderingTests.xctest */,
				0BAE6E8225F6E8B7009412EA /* Coffee orderingUITests.xctest */,
			);
			name = Products;
			sourceTree = "<group>";
		};
		0BAE6E6325F6E8B6009412EA /* Coffee ordering */ = {
			isa = PBXGroup;
			children = (
				0BAE6E9A25F6E961009412EA /* Controllers */,
				0BAE6E6425F6E8B6009412EA /* AppDelegate.swift */,
				0BAE6E6625F6E8B6009412EA /* SceneDelegate.swift */,
				0BAE6E6A25F6E8B6009412EA /* Main.storyboard */,
				0BAE6E6D25F6E8B7009412EA /* Assets.xcassets */,
				0BAE6E6F25F6E8B7009412EA /* LaunchScreen.storyboard */,
				0BAE6E7225F6E8B7009412EA /* Info.plist */,
			);
			path = "Coffee ordering";
			sourceTree = "<group>";
		};
		0BAE6E7A25F6E8B7009412EA /* Coffee orderingTests */ = {
			isa = PBXGroup;
			children = (
				0BAE6E7B25F6E8B7009412EA /* Coffee_orderingTests.swift */,
				0BAE6E7D25F6E8B7009412EA /* Info.plist */,
			);
			path = "Coffee orderingTests";
			sourceTree = "<group>";
		};
		0BAE6E8525F6E8B7009412EA /* Coffee orderingUITests */ = {
			isa = PBXGroup;
			children = (
				0BAE6E8625F6E8B7009412EA /* Coffee_orderingUITests.swift */,
				0BAE6E8825F6E8B7009412EA /* Info.plist */,
			);
			path = "Coffee orderingUITests";
			sourceTree = "<group>";
		};
		0BAE6E9A25F6E961009412EA /* Controllers */ = {
			isa = PBXGroup;
			children = (
				0BAE6E9E25F6EAA4009412EA /* OrdersTableViewController.swift */,
				0BAE6EA325F6EB0D009412EA /* AddOrderViewController.swift */,
			);
			path = Controllers;
			sourceTree = "<group>";
		};
/* End PBXGroup section */

/* Begin PBXNativeTarget section */
		0BAE6E6025F6E8B6009412EA /* Coffee ordering */ = {
			isa = PBXNativeTarget;
			buildConfigurationList = 0BAE6E8B25F6E8B7009412EA /* Build configuration list for PBXNativeTarget "Coffee ordering" */;
			buildPhases = (
				0BAE6E5D25F6E8B6009412EA /* Sources */,
				0BAE6E5E25F6E8B6009412EA /* Frameworks */,
				0BAE6E5F25F6E8B6009412EA /* Resources */,
			);
			buildRules = (
			);
			dependencies = (
			);
			name = "Coffee ordering";
			productName = "Coffee ordering";
			productReference = 0BAE6E6125F6E8B6009412EA /* Coffee ordering.app */;
			productType = "com.apple.product-type.application";
		};
		0BAE6E7625F6E8B7009412EA /* Coffee orderingTests */ = {
			isa = PBXNativeTarget;
			buildConfigurationList = 0BAE6E8E25F6E8B7009412EA /* Build configuration list for PBXNativeTarget "Coffee orderingTests" */;
			buildPhases = (
				0BAE6E7325F6E8B7009412EA /* Sources */,
				0BAE6E7425F6E8B7009412EA /* Frameworks */,
				0BAE6E7525F6E8B7009412EA /* Resources */,
			);
			buildRules = (
			);
			dependencies = (
				0BAE6E7925F6E8B7009412EA /* PBXTargetDependency */,
			);
			name = "Coffee orderingTests";
			productName = "Coffee orderingTests";
			productReference = 0BAE6E7725F6E8B7009412EA /* Coffee orderingTests.xctest */;
			productType = "com.apple.product-type.bundle.unit-test";
		};
		0BAE6E8125F6E8B7009412EA /* Coffee orderingUITests */ = {
			isa = PBXNativeTarget;
			buildConfigurationList = 0BAE6E9125F6E8B7009412EA /* Build configuration list for PBXNativeTarget "Coffee orderingUITests" */;
			buildPhases = (
				0BAE6E7E25F6E8B7009412EA /* Sources */,
				0BAE6E7F25F6E8B7009412EA /* Frameworks */,
				0BAE6E8025F6E8B7009412EA /* Resources */,
			);
			buildRules = (
			);
			dependencies = (
				0BAE6E8425F6E8B7009412EA /* PBXTargetDependency */,
			);
			name = "Coffee orderingUITests";
			productName = "Coffee orderingUITests";
			productReference = 0BAE6E8225F6E8B7009412EA /* Coffee orderingUITests.xctest */;
			productType = "com.apple.product-type.bundle.ui-testing";
		};
/* End PBXNativeTarget section */

/* Begin PBXProject section */
		0BAE6E5925F6E8B6009412EA /* Project object */ = {
			isa = PBXProject;
			attributes = {
				LastSwiftUpdateCheck = 1240;
				LastUpgradeCheck = 1240;
				TargetAttributes = {
					0BAE6E6025F6E8B6009412EA = {
						CreatedOnToolsVersion = 12.4;
					};
					0BAE6E7625F6E8B7009412EA = {
						CreatedOnToolsVersion = 12.4;
						TestTargetID = 0BAE6E6025F6E8B6009412EA;
					};
					0BAE6E8125F6E8B7009412EA = {
						CreatedOnToolsVersion = 12.4;
						TestTargetID = 0BAE6E6025F6E8B6009412EA;
					};
				};
			};
			buildConfigurationList = 0BAE6E5C25F6E8B6009412EA /* Build configuration list for PBXProject "Coffee ordering" */;
			compatibilityVersion = "Xcode 9.3";
			developmentRegion = en;
			hasScannedForEncodings = 0;
			knownRegions = (
				en,
				Base,
			);
			mainGroup = 0BAE6E5825F6E8B6009412EA;
			productRefGroup = 0BAE6E6225F6E8B6009412EA /* Products */;
			projectDirPath = "";
			projectRoot = "";
			targets = (
				0BAE6E6025F6E8B6009412EA /* Coffee ordering */,
				0BAE6E7625F6E8B7009412EA /* Coffee orderingTests */,
				0BAE6E8125F6E8B7009412EA /* Coffee orderingUITests */,
			);
		};
/* End PBXProject section */

/* Begin PBXResourcesBuildPhase section */
		0BAE6E5F25F6E8B6009412EA /* Resources */ = {
			isa = PBXResourcesBuildPhase;
			buildActionMask = 2147483647;
			files = (
				0BAE6E7125F6E8B7009412EA /* LaunchScreen.storyboard in Resources */,
				0BAE6E6E25F6E8B7009412EA /* Assets.xcassets in Resources */,
				0BAE6E6C25F6E8B6009412EA /* Main.storyboard in Resources */,
			);
			runOnlyForDeploymentPostprocessing = 0;
		};
		0BAE6E7525F6E8B7009412EA /* Resources */ = {
			isa = PBXResourcesBuildPhase;
			buildActionMask = 2147483647;
			files = (
			);
			runOnlyForDeploymentPostprocessing = 0;
		};
		0BAE6E8025F6E8B7009412EA /* Resources */ = {
			isa = PBXResourcesBuildPhase;
			buildActionMask = 2147483647;
			files = (
			);
			runOnlyForDeploymentPostprocessing = 0;
		};
/* End PBXResourcesBuildPhase section */

/* Begin PBXSourcesBuildPhase section */
		0BAE6E5D25F6E8B6009412EA /* Sources */ = {
			isa = PBXSourcesBuildPhase;
			buildActionMask = 2147483647;
			files = (
				0BAE6E6525F6E8B6009412EA /* AppDelegate.swift in Sources */,
				0BAE6E6725F6E8B6009412EA /* SceneDelegate.swift in Sources */,
				0BAE6E9F25F6EAA4009412EA /* OrdersTableViewController.swift in Sources */,
				0BAE6EA425F6EB0D009412EA /* AddOrderViewController.swift in Sources */,
			);
			runOnlyForDeploymentPostprocessing = 0;
		};
		0BAE6E7325F6E8B7009412EA /* Sources */ = {
			isa = PBXSourcesBuildPhase;
			buildActionMask = 2147483647;
			files = (
				0BAE6E7C25F6E8B7009412EA /* Coffee_orderingTests.swift in Sources */,
			);
			runOnlyForDeploymentPostprocessing = 0;
		};
		0BAE6E7E25F6E8B7009412EA /* Sources */ = {
			isa = PBXSourcesBuildPhase;
			buildActionMask = 2147483647;
			files = (
				0BAE6E8725F6E8B7009412EA /* Coffee_orderingUITests.swift in Sources */,
			);
			runOnlyForDeploymentPostprocessing = 0;
		};
/* End PBXSourcesBuildPhase section */

/* Begin PBXTargetDependency section */
		0BAE6E7925F6E8B7009412EA /* PBXTargetDependency */ = {
			isa = PBXTargetDependency;
			target = 0BAE6E6025F6E8B6009412EA /* Coffee ordering */;
			targetProxy = 0BAE6E7825F6E8B7009412EA /* PBXContainerItemProxy */;
		};
		0BAE6E8425F6E8B7009412EA /* PBXTargetDependency */ = {
			isa = PBXTargetDependency;
			target = 0BAE6E6025F6E8B6009412EA /* Coffee ordering */;
			targetProxy = 0BAE6E8325F6E8B7009412EA /* PBXContainerItemProxy */;
		};
/* End PBXTargetDependency section */

/* Begin PBXVariantGroup section */
		0BAE6E6A25F6E8B6009412EA /* Main.storyboard */ = {
			isa = PBXVariantGroup;
			children = (
				0BAE6E6B25F6E8B6009412EA /* Base */,
			);
			name = Main.storyboard;
			sourceTree = "<group>";
		};
		0BAE6E6F25F6E8B7009412EA /* LaunchScreen.storyboard */ = {
			isa = PBXVariantGroup;
			children = (
				0BAE6E7025F6E8B7009412EA /* Base */,
			);
			name = LaunchScreen.storyboard;
			sourceTree = "<group>";
		};
/* End PBXVariantGroup section */

/* Begin XCBuildConfiguration section */
		0BAE6E8925F6E8B7009412EA /* Debug */ = {
			isa = XCBuildConfiguration;
			buildSettings = {
				ALWAYS_SEARCH_USER_PATHS = NO;
				CLANG_ANALYZER_NONNULL = YES;
				CLANG_ANALYZER_NUMBER_OBJECT_CONVERSION = YES_AGGRESSIVE;
				CLANG_CXX_LANGUAGE_STANDARD = "gnu++14";
				CLANG_CXX_LIBRARY = "libc++";
				CLANG_ENABLE_MODULES = YES;
				CLANG_ENABLE_OBJC_ARC = YES;
				CLANG_ENABLE_OBJC_WEAK = YES;
				CLANG_WARN_BLOCK_CAPTURE_AUTORELEASING = YES;
				CLANG_WARN_BOOL_CONVERSION = YES;
				CLANG_WARN_COMMA = YES;
				CLANG_WARN_CONSTANT_CONVERSION = YES;
				CLANG_WARN_DEPRECATED_OBJC_IMPLEMENTATIONS = YES;
				CLANG_WARN_DIRECT_OBJC_ISA_USAGE = YES_ERROR;
				CLANG_WARN_DOCUMENTATION_COMMENTS = YES;
				CLANG_WARN_EMPTY_BODY = YES;
				CLANG_WARN_ENUM_CONVERSION = YES;
				CLANG_WARN_INFINITE_RECURSION = YES;
				CLANG_WARN_INT_CONVERSION = YES;
				CLANG_WARN_NON_LITERAL_NULL_CONVERSION = YES;
				CLANG_WARN_OBJC_IMPLICIT_RETAIN_SELF = YES;
				CLANG_WARN_OBJC_LITERAL_CONVERSION = YES;
				CLANG_WARN_OBJC_ROOT_CLASS = YES_ERROR;
				CLANG_WARN_QUOTED_INCLUDE_IN_FRAMEWORK_HEADER = YES;
				CLANG_WARN_RANGE_LOOP_ANALYSIS = YES;
				CLANG_WARN_STRICT_PROTOTYPES = YES;
				CLANG_WARN_SUSPICIOUS_MOVE = YES;
				CLANG_WARN_UNGUARDED_AVAILABILITY = YES_AGGRESSIVE;
				CLANG_WARN_UNREACHABLE_CODE = YES;
				CLANG_WARN__DUPLICATE_METHOD_MATCH = YES;
				COPY_PHASE_STRIP = NO;
				DEBUG_INFORMATION_FORMAT = dwarf;
				ENABLE_STRICT_OBJC_MSGSEND = YES;
				ENABLE_TESTABILITY = YES;
				GCC_C_LANGUAGE_STANDARD = gnu11;
				GCC_DYNAMIC_NO_PIC = NO;
				GCC_NO_COMMON_BLOCKS = YES;
				GCC_OPTIMIZATION_LEVEL = 0;
				GCC_PREPROCESSOR_DEFINITIONS = (
					"DEBUG=1",
					"$(inherited)",
				);
				GCC_WARN_64_TO_32_BIT_CONVERSION = YES;
				GCC_WARN_ABOUT_RETURN_TYPE = YES_ERROR;
				GCC_WARN_UNDECLARED_SELECTOR = YES;
				GCC_WARN_UNINITIALIZED_AUTOS = YES_AGGRESSIVE;
				GCC_WARN_UNUSED_FUNCTION = YES;
				GCC_WARN_UNUSED_VARIABLE = YES;
				IPHONEOS_DEPLOYMENT_TARGET = 14.4;
				MTL_ENABLE_DEBUG_INFO = INCLUDE_SOURCE;
				MTL_FAST_MATH = YES;
				ONLY_ACTIVE_ARCH = YES;
				SDKROOT = iphoneos;
				SWIFT_ACTIVE_COMPILATION_CONDITIONS = DEBUG;
				SWIFT_OPTIMIZATION_LEVEL = "-Onone";
			};
			name = Debug;
		};
		0BAE6E8A25F6E8B7009412EA /* Release */ = {
			isa = XCBuildConfiguration;
			buildSettings = {
				ALWAYS_SEARCH_USER_PATHS = NO;
				CLANG_ANALYZER_NONNULL = YES;
				CLANG_ANALYZER_NUMBER_OBJECT_CONVERSION = YES_AGGRESSIVE;
				CLANG_CXX_LANGUAGE_STANDARD = "gnu++14";
				CLANG_CXX_LIBRARY = "libc++";
				CLANG_ENABLE_MODULES = YES;
				CLANG_ENABLE_OBJC_ARC = YES;
				CLANG_ENABLE_OBJC_WEAK = YES;
				CLANG_WARN_BLOCK_CAPTURE_AUTORELEASING = YES;
				CLANG_WARN_BOOL_CONVERSION = YES;
				CLANG_WARN_COMMA = YES;
				CLANG_WARN_CONSTANT_CONVERSION = YES;
				CLANG_WARN_DEPRECATED_OBJC_IMPLEMENTATIONS = YES;
				CLANG_WARN_DIRECT_OBJC_ISA_USAGE = YES_ERROR;
				CLANG_WARN_DOCUMENTATION_COMMENTS = YES;
				CLANG_WARN_EMPTY_BODY = YES;
				CLANG_WARN_ENUM_CONVERSION = YES;
				CLANG_WARN_INFINITE_RECURSION = YES;
				CLANG_WARN_INT_CONVERSION = YES;
				CLANG_WARN_NON_LITERAL_NULL_CONVERSION = YES;
				CLANG_WARN_OBJC_IMPLICIT_RETAIN_SELF = YES;
				CLANG_WARN_OBJC_LITERAL_CONVERSION = YES;
				CLANG_WARN_OBJC_ROOT_CLASS = YES_ERROR;
				CLANG_WARN_QUOTED_INCLUDE_IN_FRAMEWORK_HEADER = YES;
				CLANG_WARN_RANGE_LOOP_ANALYSIS = YES;
				CLANG_WARN_STRICT_PROTOTYPES = YES;
				CLANG_WARN_SUSPICIOUS_MOVE = YES;
				CLANG_WARN_UNGUARDED_AVAILABILITY = YES_AGGRESSIVE;
				CLANG_WARN_UNREACHABLE_CODE = YES;
				CLANG_WARN__DUPLICATE_METHOD_MATCH = YES;
				COPY_PHASE_STRIP = NO;
				DEBUG_INFORMATION_FORMAT = "dwarf-with-dsym";
				ENABLE_NS_ASSERTIONS = NO;
				ENABLE_STRICT_OBJC_MSGSEND = YES;
				GCC_C_LANGUAGE_STANDARD = gnu11;
				GCC_NO_COMMON_BLOCKS = YES;
				GCC_WARN_64_TO_32_BIT_CONVERSION = YES;
				GCC_WARN_ABOUT_RETURN_TYPE = YES_ERROR;
				GCC_WARN_UNDECLARED_SELECTOR = YES;
				GCC_WARN_UNINITIALIZED_AUTOS = YES_AGGRESSIVE;
				GCC_WARN_UNUSED_FUNCTION = YES;
				GCC_WARN_UNUSED_VARIABLE = YES;
				IPHONEOS_DEPLOYMENT_TARGET = 14.4;
				MTL_ENABLE_DEBUG_INFO = NO;
				MTL_FAST_MATH = YES;
				SDKROOT = iphoneos;
				SWIFT_COMPILATION_MODE = wholemodule;
				SWIFT_OPTIMIZATION_LEVEL = "-O";
				VALIDATE_PRODUCT = YES;
			};
			name = Release;
		};
		0BAE6E8C25F6E8B7009412EA /* Debug */ = {
			isa = XCBuildConfiguration;
			buildSettings = {
				ASSETCATALOG_COMPILER_APPICON_NAME = AppIcon;
				ASSETCATALOG_COMPILER_GLOBAL_ACCENT_COLOR_NAME = AccentColor;
				CODE_SIGN_STYLE = Automatic;
				DEVELOPMENT_TEAM = C434CHPZ37;
				INFOPLIST_FILE = "Coffee ordering/Info.plist";
				LD_RUNPATH_SEARCH_PATHS = (
					"$(inherited)",
					"@executable_path/Frameworks",
				);
				PRODUCT_BUNDLE_IDENTIFIER = "hoffsilva.Coffee-ordering";
				PRODUCT_NAME = "$(TARGET_NAME)";
				SWIFT_VERSION = 5.0;
				TARGETED_DEVICE_FAMILY = "1,2";
			};
			name = Debug;
		};
		0BAE6E8D25F6E8B7009412EA /* Release */ = {
			isa = XCBuildConfiguration;
			buildSettings = {
				ASSETCATALOG_COMPILER_APPICON_NAME = AppIcon;
				ASSETCATALOG_COMPILER_GLOBAL_ACCENT_COLOR_NAME = AccentColor;
				CODE_SIGN_STYLE = Automatic;
				DEVELOPMENT_TEAM = C434CHPZ37;
				INFOPLIST_FILE = "Coffee ordering/Info.plist";
				LD_RUNPATH_SEARCH_PATHS = (
					"$(inherited)",
					"@executable_path/Frameworks",
				);
				PRODUCT_BUNDLE_IDENTIFIER = "hoffsilva.Coffee-ordering";
				PRODUCT_NAME = "$(TARGET_NAME)";
				SWIFT_VERSION = 5.0;
				TARGETED_DEVICE_FAMILY = "1,2";
			};
			name = Release;
		};
		0BAE6E8F25F6E8B7009412EA /* Debug */ = {
			isa = XCBuildConfiguration;
			buildSettings = {
				ALWAYS_EMBED_SWIFT_STANDARD_LIBRARIES = YES;
				BUNDLE_LOADER = "$(TEST_HOST)";
				CODE_SIGN_STYLE = Automatic;
				DEVELOPMENT_TEAM = C434CHPZ37;
				INFOPLIST_FILE = "Coffee orderingTests/Info.plist";
				IPHONEOS_DEPLOYMENT_TARGET = 14.4;
				LD_RUNPATH_SEARCH_PATHS = (
					"$(inherited)",
					"@executable_path/Frameworks",
					"@loader_path/Frameworks",
				);
				PRODUCT_BUNDLE_IDENTIFIER = "hoffsilva.Coffee-orderingTests";
				PRODUCT_NAME = "$(TARGET_NAME)";
				SWIFT_VERSION = 5.0;
				TARGETED_DEVICE_FAMILY = "1,2";
				TEST_HOST = "$(BUILT_PRODUCTS_DIR)/Coffee ordering.app/Coffee ordering";
			};
			name = Debug;
		};
		0BAE6E9025F6E8B7009412EA /* Release */ = {
			isa = XCBuildConfiguration;
			buildSettings = {
				ALWAYS_EMBED_SWIFT_STANDARD_LIBRARIES = YES;
				BUNDLE_LOADER = "$(TEST_HOST)";
				CODE_SIGN_STYLE = Automatic;
				DEVELOPMENT_TEAM = C434CHPZ37;
				INFOPLIST_FILE = "Coffee orderingTests/Info.plist";
				IPHONEOS_DEPLOYMENT_TARGET = 14.4;
				LD_RUNPATH_SEARCH_PATHS = (
					"$(inherited)",
					"@executable_path/Frameworks",
					"@loader_path/Frameworks",
				);
				PRODUCT_BUNDLE_IDENTIFIER = "hoffsilva.Coffee-orderingTests";
				PRODUCT_NAME = "$(TARGET_NAME)";
				SWIFT_VERSION = 5.0;
				TARGETED_DEVICE_FAMILY = "1,2";
				TEST_HOST = "$(BUILT_PRODUCTS_DIR)/Coffee ordering.app/Coffee ordering";
			};
			name = Release;
		};
		0BAE6E9225F6E8B7009412EA /* Debug */ = {
			isa = XCBuildConfiguration;
			buildSettings = {
				ALWAYS_EMBED_SWIFT_STANDARD_LIBRARIES = YES;
				CODE_SIGN_STYLE = Automatic;
				DEVELOPMENT_TEAM = C434CHPZ37;
				INFOPLIST_FILE = "Coffee orderingUITests/Info.plist";
				LD_RUNPATH_SEARCH_PATHS = (
					"$(inherited)",
					"@executable_path/Frameworks",
					"@loader_path/Frameworks",
				);
				PRODUCT_BUNDLE_IDENTIFIER = "hoffsilva.Coffee-orderingUITests";
				PRODUCT_NAME = "$(TARGET_NAME)";
				SWIFT_VERSION = 5.0;
				TARGETED_DEVICE_FAMILY = "1,2";
				TEST_TARGET_NAME = "Coffee ordering";
			};
			name = Debug;
		};
		0BAE6E9325F6E8B7009412EA /* Release */ = {
			isa = XCBuildConfiguration;
			buildSettings = {
				ALWAYS_EMBED_SWIFT_STANDARD_LIBRARIES = YES;
				CODE_SIGN_STYLE = Automatic;
				DEVELOPMENT_TEAM = C434CHPZ37;
				INFOPLIST_FILE = "Coffee orderingUITests/Info.plist";
				LD_RUNPATH_SEARCH_PATHS = (
					"$(inherited)",
					"@executable_path/Frameworks",
					"@loader_path/Frameworks",
				);
				PRODUCT_BUNDLE_IDENTIFIER = "hoffsilva.Coffee-orderingUITests";
				PRODUCT_NAME = "$(TARGET_NAME)";
				SWIFT_VERSION = 5.0;
				TARGETED_DEVICE_FAMILY = "1,2";
				TEST_TARGET_NAME = "Coffee ordering";
			};
			name = Release;
		};
/* End XCBuildConfiguration section */

/* Begin XCConfigurationList section */
		0BAE6E5C25F6E8B6009412EA /* Build configuration list for PBXProject "Coffee ordering" */ = {
			isa = XCConfigurationList;
			buildConfigurations = (
				0BAE6E8925F6E8B7009412EA /* Debug */,
				0BAE6E8A25F6E8B7009412EA /* Release */,
			);
			defaultConfigurationIsVisible = 0;
			defaultConfigurationName = Release;
		};
		0BAE6E8B25F6E8B7009412EA /* Build configuration list for PBXNativeTarget "Coffee ordering" */ = {
			isa = XCConfigurationList;
			buildConfigurations = (
				0BAE6E8C25F6E8B7009412EA /* Debug */,
				0BAE6E8D25F6E8B7009412EA /* Release */,
			);
			defaultConfigurationIsVisible = 0;
			defaultConfigurationName = Release;
		};
		0BAE6E8E25F6E8B7009412EA /* Build configuration list for PBXNativeTarget "Coffee orderingTests" */ = {
			isa = XCConfigurationList;
			buildConfigurations = (
				0BAE6E8F25F6E8B7009412EA /* Debug */,
				0BAE6E9025F6E8B7009412EA /* Release */,
			);
			defaultConfigurationIsVisible = 0;
			defaultConfigurationName = Release;
		};
		0BAE6E9125F6E8B7009412EA /* Build configuration list for PBXNativeTarget "Coffee orderingUITests" */ = {
			isa = XCConfigurationList;
			buildConfigurations = (
				0BAE6E9225F6E8B7009412EA /* Debug */,
				0BAE6E9325F6E8B7009412EA /* Release */,
			);
			defaultConfigurationIsVisible = 0;
			defaultConfigurationName = Release;
		};
/* End XCConfigurationList section */
	};
	rootObject = 0BAE6E5925F6E8B6009412EA /* Project object */;
}
